
Microsoft Visual Studio Solution File, Format Version 12.00
# Visual Studio Version 17
VisualStudioVersion = 17.4.33205.214
MinimumVisualStudioVersion = 10.0.40219.1
Project("{FAE04EC0-301F-11D3-BF4B-00C04F79EFBC}") = "FactoryDemoApp", "FactoryDemoApp\FactoryDemoApp.csproj", "{D10ED376-411A-4C6E-89E0-5FB41D538FA5}"
EndProject
Project("{FAE04EC0-301F-11D3-BF4B-00C04F79EFBC}") = "FactoryLib", "FactoryLib\FactoryLib.csproj", "{D8A416AE-3FA7-4A65-B64B-5FD39C7AC8EF}"
EndProject
Project("{2150E333-8FDC-42A3-9474-1A3956D46DE8}") = "src", "src", "{BF3C4179-2ACE-4F91-B158-00888A626416}"
EndProject
Global
	GlobalSection(SolutionConfigurationPlatforms) = preSolution
		Debug|Any CPU = Debug|Any CPU
		Release|Any CPU = Release|Any CPU
	EndGlobalSection
	GlobalSection(ProjectConfigurationPlatforms) = postSolution
		{D10ED376-411A-4C6E-89E0-5FB41D538FA5}.Debug|Any CPU.ActiveCfg = Debug|Any CPU
		{D10ED376-411A-4C6E-89E0-5FB41D538FA5}.Debug|Any CPU.Build.0 = Debug|Any CPU
		{D10ED376-411A-4C6E-89E0-5FB41D538FA5}.Release|Any CPU.ActiveCfg = Release|Any CPU
		{D10ED376-411A-4C6E-89E0-5FB41D538FA5}.Release|Any CPU.Build.0 = Release|Any CPU
		{D8A416AE-3FA7-4A65-B64B-5FD39C7AC8EF}.Debug|Any CPU.ActiveCfg = Debug|Any CPU
		{D8A416AE-3FA7-4A65-B64B-5FD39C7AC8EF}.Debug|Any CPU.Build.0 = Debug|Any CPU
		{D8A416AE-3FA7-4A65-B64B-5FD39C7AC8EF}.Release|Any CPU.ActiveCfg = Release|Any CPU
		{D8A416AE-3FA7-4A65-B64B-5FD39C7AC8EF}.Release|Any CPU.Build.0 = Release|Any CPU
	EndGlobalSection
	GlobalSection(SolutionProperties) = preSolution
		HideSolutionNode = FALSE
	EndGlobalSection
	GlobalSection(NestedProjects) = preSolution
		{D10ED376-411A-4C6E-89E0-5FB41D538FA5} = {BF3C4179-2ACE-4F91-B158-00888A626416}
		{D8A416AE-3FA7-4A65-B64B-5FD39C7AC8EF} = {BF3C4179-2ACE-4F91-B158-00888A626416}
	EndGlobalSection
	GlobalSection(ExtensibilityGlobals) = postSolution
		SolutionGuid = {0B5EBB2C-BD8F-49B1-A4BB-B606EEED0DEB}
	EndGlobalSection
EndGlobal
